
Microsoft Visual Studio Solution File, Format Version 12.00
# Visual Studio Version 17
VisualStudioVersion = 17.5.33502.453
MinimumVisualStudioVersion = 10.0.40219.1
Project("{8BC9CEB8-8B4A-11D0-8D11-00A0C91BC942}") = "core_test", "core_test.vcxproj", "{546C4538-3A55-44D0-B33A-4ADEA1EF4117}"
EndProject
Global
	GlobalSection(SolutionConfigurationPlatforms) = preSolution
		Debug|x86 = Debug|x86
		Release|x86 = Release|x86
	EndGlobalSection
	GlobalSection(ProjectConfigurationPlatforms) = postSolution
		{546C4538-3A55-44D0-B33A-4ADEA1EF4117}.Debug|x86.ActiveCfg = Debug|Win32
		{546C4538-3A55-44D0-B33A-4ADEA1EF4117}.Debug|x86.Build.0 = Debug|Win32
		{546C4538-3A55-44D0-B33A-4ADEA1EF4117}.Release|x86.ActiveCfg = Release|Win32
		{546C4538-3A55-44D0-B33A-4ADEA1EF4117}.Release|x86.Build.0 = Release|Win32
	EndGlobalSection
	GlobalSection(SolutionProperties) = preSolution
		HideSolutionNode = FALSE
	EndGlobalSection
	GlobalSection(ExtensibilityGlobals) = postSolution
		SolutionGuid = {31BA6AAB-E0EC-46FD-9C57-B33F2D9CC367}
	EndGlobalSection
EndGlobal
