<?xml version="1.0" encoding="utf-8"?>
<Project ToolsVersion="4.0" xmlns="http://schemas.microsoft.com/developer/msbuild/2003">
  <ItemGroup>
    <Filter Include="core">
      <UniqueIdentifier>{39bb4ffb-1c8d-4ada-b43d-76648a44321f}</UniqueIdentifier>
    </Filter>
    <Filter Include="data">
      <UniqueIdentifier>{da41eb83-3d51-46f7-bd29-d02395bb51f8}</UniqueIdentifier>
    </Filter>
    <Filter Include="test">
      <UniqueIdentifier>{b60aae49-add7-4e8a-a885-1c16812a176a}</UniqueIdentifier>
    </Filter>
    <Filter Include="Source Files">
      <UniqueIdentifier>{84d6869a-d245-4c08-8e8f-65c30ad7e1b0}</UniqueIdentifier>
    </Filter>
    <Filter Include="Header Files">
      <UniqueIdentifier>{769dae19-a2a7-48f3-a1fc-651dc1974a2d}</UniqueIdentifier>
    </Filter>
    <Filter Include="core\config">
      <UniqueIdentifier>{090ee134-3308-4796-8a23-552c1c81862e}</UniqueIdentifier>
    </Filter>
    <Filter Include="core\engine">
      <UniqueIdentifier>{85ca0fbc-de0f-4dbf-8cb9-58e17a2fa8c2}</UniqueIdentifier>
    </Filter>
    <Filter Include="core\system">
      <UniqueIdentifier>{559833c0-9a2b-4574-951e-fed15e9ef5eb}</UniqueIdentifier>
    </Filter>
    <Filter Include="core\tracer">
      <UniqueIdentifier>{a1bf2940-967e-4669-9f80-b47f6c8ee51f}</UniqueIdentifier>
    </Filter>
    <Filter Include="data\materials">
      <UniqueIdentifier>{beb81980-8ca5-440b-a4f4-15854851ed08}</UniqueIdentifier>
    </Filter>
    <Filter Include="data\objects">
      <UniqueIdentifier>{6e2fba52-30f8-48d2-9e00-cfcb737a9621}</UniqueIdentifier>
    </Filter>
    <Filter Include="data\scenes">
      <UniqueIdentifier>{21791e49-2593-4194-afd0-19f14de65e90}</UniqueIdentifier>
    </Filter>
    <Filter Include="data\textures">
      <UniqueIdentifier>{baef19b2-4b4a-4627-bfc8-be77955f8e4b}</UniqueIdentifier>
    </Filter>
    <Filter Include="test\scenes">
      <UniqueIdentifier>{62bf92f2-166b-4d31-be16-bba914788458}</UniqueIdentifier>
    </Filter>
  </ItemGroup>
  <ItemGroup>
    <ClCompile Include="RooT_winxx.cpp">
      <Filter>Source Files</Filter>
    </ClCompile>
    <ClCompile Include="..\core\engine\engine.cpp">
      <Filter>core\engine</Filter>
    </ClCompile>
    <ClCompile Include="..\core\engine\object.cpp">
      <Filter>core\engine</Filter>
    </ClCompile>
    <ClCompile Include="..\core\engine\rtgeom.cpp">
      <Filter>core\engine</Filter>
    </ClCompile>
    <ClCompile Include="..\core\engine\rtimag.cpp">
      <Filter>core\engine</Filter>
    </ClCompile>
    <ClCompile Include="..\core\tracer\tracer.cpp">
      <Filter>core\tracer</Filter>
    </ClCompile>
    <ClCompile Include="..\core\tracer\tracer_1K4v1.cpp">
      <Filter>core\tracer</Filter>
    </ClCompile>
    <ClCompile Include="..\core\tracer\tracer_1K4v2.cpp">
      <Filter>core\tracer</Filter>
    </ClCompile>
    <ClCompile Include="..\core\tracer\tracer_2K8v1_r8.cpp">
      <Filter>core\tracer</Filter>
    </ClCompile>
    <ClCompile Include="..\core\tracer\tracer_2K8v2_r8.cpp">
      <Filter>core\tracer</Filter>
    </ClCompile>
    <ClCompile Include="..\core\tracer\tracer_128v2.cpp">
      <Filter>core\tracer</Filter>
    </ClCompile>
    <ClCompile Include="..\core\tracer\tracer_128v4.cpp">
      <Filter>core\tracer</Filter>
    </ClCompile>
    <ClCompile Include="..\core\tracer\tracer_128v8.cpp">
      <Filter>core\tracer</Filter>
    </ClCompile>
    <ClCompile Include="..\core\tracer\tracer_256v1.cpp">
      <Filter>core\tracer</Filter>
    </ClCompile>
    <ClCompile Include="..\core\tracer\tracer_256v2.cpp">
      <Filter>core\tracer</Filter>
    </ClCompile>
    <ClCompile Include="..\core\tracer\tracer_256v4_r8.cpp">
      <Filter>core\tracer</Filter>
    </ClCompile>
    <ClCompile Include="..\core\tracer\tracer_256v8.cpp">
      <Filter>core\tracer</Filter>
    </ClCompile>
    <ClCompile Include="..\core\tracer\tracer_512v1.cpp">
      <Filter>core\tracer</Filter>
    </ClCompile>
    <ClCompile Include="..\core\tracer\tracer_512v1_r8.cpp">
      <Filter>core\tracer</Filter>
    </ClCompile>
    <ClCompile Include="..\core\tracer\tracer_512v2.cpp">
      <Filter>core\tracer</Filter>
    </ClCompile>
    <ClCompile Include="..\core\tracer\tracer_512v2_r8.cpp">
      <Filter>core\tracer</Filter>
    </ClCompile>
    <ClCompile Include="..\core\tracer\tracer_512v4.cpp">
      <Filter>core\tracer</Filter>
    </ClCompile>
    <ClCompile Include="..\core\tracer\tracer_512v8.cpp">
      <Filter>core\tracer</Filter>
    </ClCompile>
    <ClCompile Include="..\core\system\system.cpp">
      <Filter>core\system</Filter>
    </ClCompile>
  </ItemGroup>
  <ItemGroup>
    <ClInclude Include="RooT.h">
      <Filter>Header Files</Filter>
    </ClInclude>
    <ClInclude Include="..\core\config\rtarch.h">
      <Filter>core\config</Filter>
    </ClInclude>
    <ClInclude Include="..\core\config\rtarch_x32.h">
      <Filter>core\config</Filter>
    </ClInclude>
    <ClInclude Include="..\core\config\rtarch_x32_128x1v2.h">
      <Filter>core\config</Filter>
    </ClInclude>
    <ClInclude Include="..\core\config\rtarch_x32_128x1v4.h">
      <Filter>core\config</Filter>
    </ClInclude>
    <ClInclude Include="..\core\config\rtarch_x32_128x1v8.h">
      <Filter>core\config</Filter>
    </ClInclude>
    <ClInclude Include="..\core\config\rtarch_x32_128x2v4.h">
      <Filter>core\config</Filter>
    </ClInclude>
    <ClInclude Include="..\core\config\rtarch_x32_256x1v2.h">
      <Filter>core\config</Filter>
    </ClInclude>
    <ClInclude Include="..\core\config\rtarch_x32_256x1v8.h">
      <Filter>core\config</Filter>
    </ClInclude>
    <ClInclude Include="..\core\config\rtarch_x32_256x2v2.h">
      <Filter>core\config</Filter>
    </ClInclude>
    <ClInclude Include="..\core\config\rtarch_x32_512x1v8.h">
      <Filter>core\config</Filter>
    </ClInclude>
    <ClInclude Include="..\core\config\rtarch_x32_512x2v2.h">
      <Filter>core\config</Filter>
    </ClInclude>
    <ClInclude Include="..\core\config\rtarch_x32_512x4v2.h">
      <Filter>core\config</Filter>
    </ClInclude>
    <ClInclude Include="..\core\config\rtarch_x64.h">
      <Filter>core\config</Filter>
    </ClInclude>
    <ClInclude Include="..\core\config\rtarch_x64_128x1v2.h">
      <Filter>core\config</Filter>
    </ClInclude>
    <ClInclude Include="..\core\config\rtarch_x64_128x1v4.h">
      <Filter>core\config</Filter>
    </ClInclude>
    <ClInclude Include="..\core\config\rtarch_x64_128x1v8.h">
      <Filter>core\config</Filter>
    </ClInclude>
    <ClInclude Include="..\core\config\rtarch_x64_128x2v4.h">
      <Filter>core\config</Filter>
    </ClInclude>
    <ClInclude Include="..\core\config\rtarch_x64_256x1v2.h">
      <Filter>core\config</Filter>
    </ClInclude>
    <ClInclude Include="..\core\config\rtarch_x64_256x1v8.h">
      <Filter>core\config</Filter>
    </ClInclude>
    <ClInclude Include="..\core\config\rtarch_x64_256x2v2.h">
      <Filter>core\config</Filter>
    </ClInclude>
    <ClInclude Include="..\core\config\rtarch_x64_512x1v8.h">
      <Filter>core\config</Filter>
    </ClInclude>
    <ClInclude Include="..\core\config\rtarch_x64_512x2v2.h">
      <Filter>core\config</Filter>
    </ClInclude>
    <ClInclude Include="..\core\config\rtarch_x64_512x4v2.h">
      <Filter>core\config</Filter>
    </ClInclude>
    <ClInclude Include="..\core\config\rtarch_xHB.h">
      <Filter>core\config</Filter>
    </ClInclude>
    <ClInclude Include="..\core\config\rtarch_xHB_128x1v2.h">
      <Filter>core\config</Filter>
    </ClInclude>
    <ClInclude Include="..\core\config\rtarch_xHB_128x1v4.h">
      <Filter>core\config</Filter>
    </ClInclude>
    <ClInclude Include="..\core\config\rtarch_xHB_128x1v8.h">
      <Filter>core\config</Filter>
    </ClInclude>
    <ClInclude Include="..\core\config\rtarch_xHB_128x2v4.h">
      <Filter>core\config</Filter>
    </ClInclude>
    <ClInclude Include="..\core\config\rtarch_xHB_256x1v2.h">
      <Filter>core\config</Filter>
    </ClInclude>
    <ClInclude Include="..\core\config\rtarch_xHB_256x1v8.h">
      <Filter>core\config</Filter>
    </ClInclude>
    <ClInclude Include="..\core\config\rtarch_xHB_256x2v2.h">
      <Filter>core\config</Filter>
    </ClInclude>
    <ClInclude Include="..\core\config\rtarch_xHB_512x1v8.h">
      <Filter>core\config</Filter>
    </ClInclude>
    <ClInclude Include="..\core\config\rtarch_xHB_512x2v2.h">
      <Filter>core\config</Filter>
    </ClInclude>
    <ClInclude Include="..\core\config\rtarch_xHB_512x4v2.h">
      <Filter>core\config</Filter>
    </ClInclude>
    <ClInclude Include="..\core\config\rtarch_xHF_128x1v2.h">
      <Filter>core\config</Filter>
    </ClInclude>
    <ClInclude Include="..\core\config\rtarch_xHF_256x1v8.h">
      <Filter>core\config</Filter>
    </ClInclude>
    <ClInclude Include="..\core\config\rtarch_xHF_512x1v8.h">
      <Filter>core\config</Filter>
    </ClInclude>
    <ClInclude Include="..\core\config\rtarch_xHF_512x2v2.h">
      <Filter>core\config</Filter>
    </ClInclude>
    <ClInclude Include="..\core\config\rtarch_xHF_512x4v2.h">
      <Filter>core\config</Filter>
    </ClInclude>
    <ClInclude Include="..\core\config\rtbase.h">
      <Filter>core\config</Filter>
    </ClInclude>
    <ClInclude Include="..\core\config\rtconf.h">
      <Filter>core\config</Filter>
    </ClInclude>
    <ClInclude Include="..\core\config\rtdocs.h">
      <Filter>core\config</Filter>
    </ClInclude>
    <ClInclude Include="..\core\config\rtzero.h">
      <Filter>core\config</Filter>
    </ClInclude>
    <ClInclude Include="..\core\engine\engine.h">
      <Filter>core\engine</Filter>
    </ClInclude>
    <ClInclude Include="..\core\engine\format.h">
      <Filter>core\engine</Filter>
    </ClInclude>
    <ClInclude Include="..\core\engine\object.h">
      <Filter>core\engine</Filter>
    </ClInclude>
    <ClInclude Include="..\core\engine\rtgeom.h">
      <Filter>core\engine</Filter>
    </ClInclude>
    <ClInclude Include="..\core\engine\rtimag.h">
      <Filter>core\engine</Filter>
    </ClInclude>
    <ClInclude Include="..\core\tracer\tracer.h">
      <Filter>core\tracer</Filter>
    </ClInclude>
    <ClInclude Include="..\core\system\system.h">
      <Filter>core\system</Filter>
    </ClInclude>
    <ClInclude Include="..\data\materials\all_mat.h">
      <Filter>data\materials</Filter>
    </ClInclude>
    <ClInclude Include="..\data\textures\all_tex.h">
      <Filter>data\textures</Filter>
    </ClInclude>
    <ClInclude Include="..\data\textures\tex_crate01.h">
      <Filter>data\textures</Filter>
    </ClInclude>
    <ClInclude Include="..\data\scenes\all_scn.h">
      <Filter>data\scenes</Filter>
    </ClInclude>
    <ClInclude Include="..\data\scenes\scn_demo01.h">
      <Filter>data\scenes</Filter>
    </ClInclude>
    <ClInclude Include="..\data\scenes\scn_demo02.h">
      <Filter>data\scenes</Filter>
    </ClInclude>
    <ClInclude Include="..\data\scenes\scn_demo03.h">
      <Filter>data\scenes</Filter>
    </ClInclude>
    <ClInclude Include="..\data\objects\all_obj.h">
      <Filter>data\objects</Filter>
    </ClInclude>
    <ClInclude Include="..\data\objects\obj_aliencube.h">
      <Filter>data\objects</Filter>
    </ClInclude>
    <ClInclude Include="..\data\objects\obj_frametable.h">
      <Filter>data\objects</Filter>
    </ClInclude>
    <ClInclude Include="..\test\scenes\scn_test01.h">
      <Filter>test\scenes</Filter>
    </ClInclude>
    <ClInclude Include="..\test\scenes\scn_test02.h">
      <Filter>test\scenes</Filter>
    </ClInclude>
    <ClInclude Include="..\test\scenes\scn_test03.h">
      <Filter>test\scenes</Filter>
    </ClInclude>
    <ClInclude Include="..\test\scenes\scn_test04.h">
      <Filter>test\scenes</Filter>
    </ClInclude>
    <ClInclude Include="..\test\scenes\scn_test05.h">
      <Filter>test\scenes</Filter>
    </ClInclude>
    <ClInclude Include="..\test\scenes\scn_test06.h">
      <Filter>test\scenes</Filter>
    </ClInclude>
    <ClInclude Include="..\test\scenes\scn_test07.h">
      <Filter>test\scenes</Filter>
    </ClInclude>
    <ClInclude Include="..\test\scenes\scn_test08.h">
      <Filter>test\scenes</Filter>
    </ClInclude>
    <ClInclude Include="..\test\scenes\scn_test09.h">
      <Filter>test\scenes</Filter>
    </ClInclude>
    <ClInclude Include="..\test\scenes\scn_test10.h">
      <Filter>test\scenes</Filter>
    </ClInclude>
    <ClInclude Include="..\test\scenes\scn_test11.h">
      <Filter>test\scenes</Filter>
    </ClInclude>
    <ClInclude Include="..\test\scenes\scn_test12.h">
      <Filter>test\scenes</Filter>
    </ClInclude>
    <ClInclude Include="..\test\scenes\scn_test13.h">
      <Filter>test\scenes</Filter>
    </ClInclude>
    <ClInclude Include="..\test\scenes\scn_test14.h">
      <Filter>test\scenes</Filter>
    </ClInclude>
    <ClInclude Include="..\test\scenes\scn_test15.h">
      <Filter>test\scenes</Filter>
    </ClInclude>
    <ClInclude Include="..\test\scenes\scn_test16.h">
      <Filter>test\scenes</Filter>
    </ClInclude>
    <ClInclude Include="..\test\scenes\scn_test17.h">
      <Filter>test\scenes</Filter>
    </ClInclude>
    <ClInclude Include="..\test\scenes\scn_test18.h">
      <Filter>test\scenes</Filter>
    </ClInclude>
  </ItemGroup>
</Project>